
Microsoft Visual Studio Solution File, Format Version 12.00
# Visual Studio Version 17
VisualStudioVersion = 17.6.33723.286
MinimumVisualStudioVersion = 10.0.40219.1
Project("{FAE04EC0-301F-11D3-BF4B-00C04F79EFBC}") = "HotKeys", "HotKeys.csproj", "{501ED35D-39BF-4F00-94EB-EED920A100F6}"
EndProject
Global
	GlobalSection(SolutionConfigurationPlatforms) = preSolution
		Debug|Any CPU = Debug|Any CPU
		Release|Any CPU = Release|Any CPU
	EndGlobalSection
	GlobalSection(ProjectConfigurationPlatforms) = postSolution
		{501ED35D-39BF-4F00-94EB-EED920A100F6}.Debug|Any CPU.ActiveCfg = Debug|Any CPU
		{501ED35D-39BF-4F00-94EB-EED920A100F6}.Debug|Any CPU.Build.0 = Debug|Any CPU
		{501ED35D-39BF-4F00-94EB-EED920A100F6}.Release|Any CPU.ActiveCfg = Release|Any CPU
		{501ED35D-39BF-4F00-94EB-EED920A100F6}.Release|Any CPU.Build.0 = Release|Any CPU
	EndGlobalSection
	GlobalSection(SolutionProperties) = preSolution
		HideSolutionNode = FALSE
	EndGlobalSection
	GlobalSection(ExtensibilityGlobals) = postSolution
		SolutionGuid = {77915816-909D-4125-BD23-5EF341CA56FD}
	EndGlobalSection
EndGlobal
